
Microsoft Visual Studio Solution File, Format Version 12.00
# Visual Studio Version 17
VisualStudioVersion = 17.3.32825.248
MinimumVisualStudioVersion = 10.0.40219.1
Project("{FAE04EC0-301F-11D3-BF4B-00C04F79EFBC}") = "verademo-aws", "verademo-aws\verademo-aws.csproj", "{3C9027A3-6560-486A-8128-8CE8F0310ADF}"
EndProject
Global
	GlobalSection(SolutionConfigurationPlatforms) = preSolution
		Debug|Any CPU = Debug|Any CPU
		Release|Any CPU = Release|Any CPU
	EndGlobalSection
	GlobalSection(ProjectConfigurationPlatforms) = postSolution
		{3C9027A3-6560-486A-8128-8CE8F0310ADF}.Debug|Any CPU.ActiveCfg = Debug|Any CPU
		{3C9027A3-6560-486A-8128-8CE8F0310ADF}.Debug|Any CPU.Build.0 = Debug|Any CPU
		{3C9027A3-6560-486A-8128-8CE8F0310ADF}.Release|Any CPU.ActiveCfg = Release|Any CPU
		{3C9027A3-6560-486A-8128-8CE8F0310ADF}.Release|Any CPU.Build.0 = Release|Any CPU
	EndGlobalSection
	GlobalSection(SolutionProperties) = preSolution
		HideSolutionNode = FALSE
	EndGlobalSection
	GlobalSection(ExtensibilityGlobals) = postSolution
		SolutionGuid = {556AA54A-F525-4A15-9C3A-9610E91CACBA}
	EndGlobalSection
EndGlobal
